
Microsoft Visual Studio Solution File, Format Version 12.00
# Visual Studio Version 16
VisualStudioVersion = 16.0.31424.327
MinimumVisualStudioVersion = 10.0.40219.1
Project("{8BC9CEB8-8B4A-11D0-8D11-00A0C91BC942}") = "C-Compiler", "C-Compiler\C-Compiler.vcxproj", "{2C007027-8628-4CAA-B936-14534D85FF1C}"
EndProject
Global
	GlobalSection(SolutionConfigurationPlatforms) = preSolution
		Debug|x64 = Debug|x64
		Debug|x86 = Debug|x86
		Release|x64 = Release|x64
		Release|x86 = Release|x86
	EndGlobalSection
	GlobalSection(ProjectConfigurationPlatforms) = postSolution
		{2C007027-8628-4CAA-B936-14534D85FF1C}.Debug|x64.ActiveCfg = Debug|x64
		{2C007027-8628-4CAA-B936-14534D85FF1C}.Debug|x64.Build.0 = Debug|x64
		{2C007027-8628-4CAA-B936-14534D85FF1C}.Debug|x86.ActiveCfg = Debug|Win32
		{2C007027-8628-4CAA-B936-14534D85FF1C}.Debug|x86.Build.0 = Debug|Win32
		{2C007027-8628-4CAA-B936-14534D85FF1C}.Release|x64.ActiveCfg = Release|x64
		{2C007027-8628-4CAA-B936-14534D85FF1C}.Release|x64.Build.0 = Release|x64
		{2C007027-8628-4CAA-B936-14534D85FF1C}.Release|x86.ActiveCfg = Release|Win32
		{2C007027-8628-4CAA-B936-14534D85FF1C}.Release|x86.Build.0 = Release|Win32
	EndGlobalSection
	GlobalSection(SolutionProperties) = preSolution
		HideSolutionNode = FALSE
	EndGlobalSection
	GlobalSection(ExtensibilityGlobals) = postSolution
		SolutionGuid = {BFA33FE2-1D3F-4C16-9145-482D28F6C307}
	EndGlobalSection
EndGlobal
